
Microsoft Visual Studio Solution File, Format Version 12.00
# Visual Studio Version 17
VisualStudioVersion = 17.0.32126.317
MinimumVisualStudioVersion = 10.0.40219.1
Project("{9A19103F-16F7-4668-BE54-9A1E7A4F7556}") = "Asp_Mvc", "Asp_Mvc\Asp_Mvc.csproj", "{6910D21B-E018-408D-8022-02E35B99652B}"
EndProject
Project("{FAE04EC0-301F-11D3-BF4B-00C04F79EFBC}") = "mylogin", "mylogin\mylogin.csproj", "{D99BD938-4378-4F19-A861-D6DCBE4DB484}"
EndProject
Global
	GlobalSection(SolutionConfigurationPlatforms) = preSolution
		Debug|Any CPU = Debug|Any CPU
		Release|Any CPU = Release|Any CPU
	EndGlobalSection
	GlobalSection(ProjectConfigurationPlatforms) = postSolution
		{6910D21B-E018-408D-8022-02E35B99652B}.Debug|Any CPU.ActiveCfg = Debug|Any CPU
		{6910D21B-E018-408D-8022-02E35B99652B}.Debug|Any CPU.Build.0 = Debug|Any CPU
		{6910D21B-E018-408D-8022-02E35B99652B}.Release|Any CPU.ActiveCfg = Release|Any CPU
		{6910D21B-E018-408D-8022-02E35B99652B}.Release|Any CPU.Build.0 = Release|Any CPU
		{D99BD938-4378-4F19-A861-D6DCBE4DB484}.Debug|Any CPU.ActiveCfg = Debug|Any CPU
		{D99BD938-4378-4F19-A861-D6DCBE4DB484}.Debug|Any CPU.Build.0 = Debug|Any CPU
		{D99BD938-4378-4F19-A861-D6DCBE4DB484}.Release|Any CPU.ActiveCfg = Release|Any CPU
		{D99BD938-4378-4F19-A861-D6DCBE4DB484}.Release|Any CPU.Build.0 = Release|Any CPU
	EndGlobalSection
	GlobalSection(SolutionProperties) = preSolution
		HideSolutionNode = FALSE
	EndGlobalSection
	GlobalSection(ExtensibilityGlobals) = postSolution
		SolutionGuid = {3091EA91-B619-48CA-9B40-4851EAF7536B}
	EndGlobalSection
EndGlobal
